
Microsoft Visual Studio Solution File, Format Version 12.00
# Visual Studio Version 17
VisualStudioVersion = 17.5.33530.505
MinimumVisualStudioVersion = 10.0.40219.1
Project("{FAE04EC0-301F-11D3-BF4B-00C04F79EFBC}") = "SoftServe1lesson", "SoftServe1lesson\SoftServe1lesson.csproj", "{D8344C58-DF7A-4F4F-A177-81402518D6D1}"
EndProject
Global
	GlobalSection(SolutionConfigurationPlatforms) = preSolution
		Debug|Any CPU = Debug|Any CPU
		Release|Any CPU = Release|Any CPU
	EndGlobalSection
	GlobalSection(ProjectConfigurationPlatforms) = postSolution
		{D8344C58-DF7A-4F4F-A177-81402518D6D1}.Debug|Any CPU.ActiveCfg = Debug|Any CPU
		{D8344C58-DF7A-4F4F-A177-81402518D6D1}.Debug|Any CPU.Build.0 = Debug|Any CPU
		{D8344C58-DF7A-4F4F-A177-81402518D6D1}.Release|Any CPU.ActiveCfg = Release|Any CPU
		{D8344C58-DF7A-4F4F-A177-81402518D6D1}.Release|Any CPU.Build.0 = Release|Any CPU
	EndGlobalSection
	GlobalSection(SolutionProperties) = preSolution
		HideSolutionNode = FALSE
	EndGlobalSection
	GlobalSection(ExtensibilityGlobals) = postSolution
		SolutionGuid = {08A4AF56-13CA-4518-B81D-60F6CD6F5106}
	EndGlobalSection
EndGlobal
